
Microsoft Visual Studio Solution File, Format Version 12.00
# Visual Studio Version 17
VisualStudioVersion = 17.8.34309.116
MinimumVisualStudioVersion = 10.0.40219.1
Project("{FAE04EC0-301F-11D3-BF4B-00C04F79EFBC}") = "ContactsApp", "ContactsApp\ContactsApp.csproj", "{B330CFBB-9186-4EC7-85CE-54BC42A524F9}"
EndProject
Project("{FAE04EC0-301F-11D3-BF4B-00C04F79EFBC}") = "ContactsAppUI", "ContactsAppUI\ContactsAppUI.csproj", "{4A8276BB-0399-4CB8-8738-209F52F4118B}"
EndProject
Global
	GlobalSection(SolutionConfigurationPlatforms) = preSolution
		Debug|Any CPU = Debug|Any CPU
		Release|Any CPU = Release|Any CPU
	EndGlobalSection
	GlobalSection(ProjectConfigurationPlatforms) = postSolution
		{B330CFBB-9186-4EC7-85CE-54BC42A524F9}.Debug|Any CPU.ActiveCfg = Debug|Any CPU
		{B330CFBB-9186-4EC7-85CE-54BC42A524F9}.Debug|Any CPU.Build.0 = Debug|Any CPU
		{B330CFBB-9186-4EC7-85CE-54BC42A524F9}.Release|Any CPU.ActiveCfg = Release|Any CPU
		{B330CFBB-9186-4EC7-85CE-54BC42A524F9}.Release|Any CPU.Build.0 = Release|Any CPU
		{4A8276BB-0399-4CB8-8738-209F52F4118B}.Debug|Any CPU.ActiveCfg = Debug|Any CPU
		{4A8276BB-0399-4CB8-8738-209F52F4118B}.Debug|Any CPU.Build.0 = Debug|Any CPU
		{4A8276BB-0399-4CB8-8738-209F52F4118B}.Release|Any CPU.ActiveCfg = Release|Any CPU
		{4A8276BB-0399-4CB8-8738-209F52F4118B}.Release|Any CPU.Build.0 = Release|Any CPU
	EndGlobalSection
	GlobalSection(SolutionProperties) = preSolution
		HideSolutionNode = FALSE
	EndGlobalSection
	GlobalSection(ExtensibilityGlobals) = postSolution
		SolutionGuid = {50531612-1E2C-4B3E-805F-5F0F788FE0FE}
	EndGlobalSection
EndGlobal
